
Microsoft Visual Studio Solution File, Format Version 12.00
# Visual Studio Version 17
VisualStudioVersion = 17.6.33723.286
MinimumVisualStudioVersion = 10.0.40219.1
Project("{9A19103F-16F7-4668-BE54-9A1E7A4F7556}") = "Forme", "PizzaShop\Forme.csproj", "{94615F21-0F35-4FFA-B23A-9E20EE066148}"
EndProject
Project("{FAE04EC0-301F-11D3-BF4B-00C04F79EFBC}") = "UnitTest", "UnitTest\UnitTest.csproj", "{02333E90-D574-4B21-83B2-7065FD574533}"
EndProject
Global
	GlobalSection(SolutionConfigurationPlatforms) = preSolution
		Debug|Any CPU = Debug|Any CPU
		Release|Any CPU = Release|Any CPU
	EndGlobalSection
	GlobalSection(ProjectConfigurationPlatforms) = postSolution
		{94615F21-0F35-4FFA-B23A-9E20EE066148}.Debug|Any CPU.ActiveCfg = Debug|Any CPU
		{94615F21-0F35-4FFA-B23A-9E20EE066148}.Debug|Any CPU.Build.0 = Debug|Any CPU
		{94615F21-0F35-4FFA-B23A-9E20EE066148}.Release|Any CPU.ActiveCfg = Release|Any CPU
		{94615F21-0F35-4FFA-B23A-9E20EE066148}.Release|Any CPU.Build.0 = Release|Any CPU
		{02333E90-D574-4B21-83B2-7065FD574533}.Debug|Any CPU.ActiveCfg = Debug|Any CPU
		{02333E90-D574-4B21-83B2-7065FD574533}.Debug|Any CPU.Build.0 = Debug|Any CPU
		{02333E90-D574-4B21-83B2-7065FD574533}.Release|Any CPU.ActiveCfg = Release|Any CPU
		{02333E90-D574-4B21-83B2-7065FD574533}.Release|Any CPU.Build.0 = Release|Any CPU
	EndGlobalSection
	GlobalSection(SolutionProperties) = preSolution
		HideSolutionNode = FALSE
	EndGlobalSection
	GlobalSection(ExtensibilityGlobals) = postSolution
		SolutionGuid = {067C0BF6-249F-4540-8091-419858B4C1CA}
	EndGlobalSection
EndGlobal
